// !$*UTF8*$!
{
	archiveVersion = 1;
	classes = {
	};
	objectVersion = 50;
	objects = {

/* Begin PBXBuildFile section */
		A5AA07192499100B0074ABB4 /* AppDelegate.swift in Sources */ = {isa = PBXBuildFile; fileRef = A5AA07182499100B0074ABB4 /* AppDelegate.swift */; };
		A5AA071B2499100B0074ABB4 /* SceneDelegate.swift in Sources */ = {isa = PBXBuildFile; fileRef = A5AA071A2499100B0074ABB4 /* SceneDelegate.swift */; };
		A5AA071D2499100B0074ABB4 /* ViewController.swift in Sources */ = {isa = PBXBuildFile; fileRef = A5AA071C2499100B0074ABB4 /* ViewController.swift */; };
		A5AA07202499100B0074ABB4 /* Main.storyboard in Resources */ = {isa = PBXBuildFile; fileRef = A5AA071E2499100B0074ABB4 /* Main.storyboard */; };
		A5AA07232499100B0074ABB4 /* ToDoListWithCoreData.xcdatamodeld in Sources */ = {isa = PBXBuildFile; fileRef = A5AA07212499100B0074ABB4 /* ToDoListWithCoreData.xcdatamodeld */; };
		A5AA07252499100F0074ABB4 /* Assets.xcassets in Resources */ = {isa = PBXBuildFile; fileRef = A5AA07242499100F0074ABB4 /* Assets.xcassets */; };
		A5AA07282499100F0074ABB4 /* LaunchScreen.storyboard in Resources */ = {isa = PBXBuildFile; fileRef = A5AA07262499100F0074ABB4 /* LaunchScreen.storyboard */; };
/* End PBXBuildFile section */

/* Begin PBXFileReference section */
		A5AA07152499100B0074ABB4 /* ToDoListWithCoreData.app */ = {isa = PBXFileReference; explicitFileType = wrapper.application; includeInIndex = 0; path = ToDoListWithCoreData.app; sourceTree = BUILT_PRODUCTS_DIR; };
		A5AA07182499100B0074ABB4 /* AppDelegate.swift */ = {isa = PBXFileReference; lastKnownFileType = sourcecode.swift; path = AppDelegate.swift; sourceTree = "<group>"; };
		A5AA071A2499100B0074ABB4 /* SceneDelegate.swift */ = {isa = PBXFileReference; lastKnownFileType = sourcecode.swift; path = SceneDelegate.swift; sourceTree = "<group>"; };
		A5AA071C2499100B0074ABB4 /* ViewController.swift */ = {isa = PBXFileReference; lastKnownFileType = sourcecode.swift; path = ViewController.swift; sourceTree = "<group>"; };
		A5AA071F2499100B0074ABB4 /* Base */ = {isa = PBXFileReference; lastKnownFileType = file.storyboard; name = Base; path = Base.lproj/Main.storyboard; sourceTree = "<group>"; };
		A5AA07222499100B0074ABB4 /* ToDoListWithCoreData.xcdatamodel */ = {isa = PBXFileReference; lastKnownFileType = wrapper.xcdatamodel; path = ToDoListWithCoreData.xcdatamodel; sourceTree = "<group>"; };
		A5AA07242499100F0074ABB4 /* Assets.xcassets */ = {isa = PBXFileReference; lastKnownFileType = folder.assetcatalog; path = Assets.xcassets; sourceTree = "<group>"; };
		A5AA07272499100F0074ABB4 /* Base */ = {isa = PBXFileReference; lastKnownFileType = file.storyboard; name = Base; path = Base.lproj/LaunchScreen.storyboard; sourceTree = "<group>"; };
		A5AA07292499100F0074ABB4 /* Info.plist */ = {isa = PBXFileReference; lastKnownFileType = text.plist.xml; path = Info.plist; sourceTree = "<group>"; };
/* End PBXFileReference section */

/* Begin PBXFrameworksBuildPhase section */
		A5AA07122499100B0074ABB4 /* Frameworks */ = {
			isa = PBXFrameworksBuildPhase;
			buildActionMask = 2147483647;
			files = (
			);
			runOnlyForDeploymentPostprocessing = 0;
		};
/* End PBXFrameworksBuildPhase section */

/* Begin PBXGroup section */
		A5AA070C2499100B0074ABB4 = {
			isa = PBXGroup;
			children = (
				A5AA07172499100B0074ABB4 /* ToDoListWithCoreData */,
				A5AA07162499100B0074ABB4 /* Products */,
			);
			sourceTree = "<group>";
		};
		A5AA07162499100B0074ABB4 /* Products */ = {
			isa = PBXGroup;
			children = (
				A5AA07152499100B0074ABB4 /* ToDoListWithCoreData.app */,
			);
			name = Products;
			sourceTree = "<group>";
		};
		A5AA07172499100B0074ABB4 /* ToDoListWithCoreData */ = {
			isa = PBXGroup;
			children = (
				A5AA07182499100B0074ABB4 /* AppDelegate.swift */,
				A5AA071A2499100B0074ABB4 /* SceneDelegate.swift */,
				A5AA071C2499100B0074ABB4 /* ViewController.swift */,
				A5AA071E2499100B0074ABB4 /* Main.storyboard */,
				A5AA07242499100F0074ABB4 /* Assets.xcassets */,
				A5AA07262499100F0074ABB4 /* LaunchScreen.storyboard */,
				A5AA07292499100F0074ABB4 /* Info.plist */,
				A5AA07212499100B0074ABB4 /* ToDoListWithCoreData.xcdatamodeld */,
			);
			path = ToDoListWithCoreData;
			sourceTree = "<group>";
		};
/* End PBXGroup section */

/* Begin PBXNativeTarget section */
		A5AA07142499100B0074ABB4 /* ToDoListWithCoreData */ = {
			isa = PBXNativeTarget;
			buildConfigurationList = A5AA072C2499100F0074ABB4 /* Build configuration list for PBXNativeTarget "ToDoListWithCoreData" */;
			buildPhases = (
				A5AA07112499100B0074ABB4 /* Sources */,
				A5AA07122499100B0074ABB4 /* Frameworks */,
				A5AA07132499100B0074ABB4 /* Resources */,
			);
			buildRules = (
			);
			dependencies = (
			);
			name = ToDoListWithCoreData;
			productName = ToDoListWithCoreData;
			productReference = A5AA07152499100B0074ABB4 /* ToDoListWithCoreData.app */;
			productType = "com.apple.product-type.application";
		};
/* End PBXNativeTarget section */

/* Begin PBXProject section */
		A5AA070D2499100B0074ABB4 /* Project object */ = {
			isa = PBXProject;
			attributes = {
				LastSwiftUpdateCheck = 1140;
				LastUpgradeCheck = 1140;
				ORGANIZATIONNAME = "Chsherbak Sergey";
				TargetAttributes = {
					A5AA07142499100B0074ABB4 = {
						CreatedOnToolsVersion = 11.4.1;
					};
				};
			};
			buildConfigurationList = A5AA07102499100B0074ABB4 /* Build configuration list for PBXProject "ToDoListWithCoreData" */;
			compatibilityVersion = "Xcode 9.3";
			developmentRegion = en;
			hasScannedForEncodings = 0;
			knownRegions = (
				en,
				Base,
			);
			mainGroup = A5AA070C2499100B0074ABB4;
			productRefGroup = A5AA07162499100B0074ABB4 /* Products */;
			projectDirPath = "";
			projectRoot = "";
			targets = (
				A5AA07142499100B0074ABB4 /* ToDoListWithCoreData */,
			);
		};
/* End PBXProject section */

/* Begin PBXResourcesBuildPhase section */
		A5AA07132499100B0074ABB4 /* Resources */ = {
			isa = PBXResourcesBuildPhase;
			buildActionMask = 2147483647;
			files = (
				A5AA07282499100F0074ABB4 /* LaunchScreen.storyboard in Resources */,
				A5AA07252499100F0074ABB4 /* Assets.xcassets in Resources */,
				A5AA07202499100B0074ABB4 /* Main.storyboard in Resources */,
			);
			runOnlyForDeploymentPostprocessing = 0;
		};
/* End PBXResourcesBuildPhase section */

/* Begin PBXSourcesBuildPhase section */
		A5AA07112499100B0074ABB4 /* Sources */ = {
			isa = PBXSourcesBuildPhase;
			buildActionMask = 2147483647;
			files = (
				A5AA071D2499100B0074ABB4 /* ViewController.swift in Sources */,
				A5AA07192499100B0074ABB4 /* AppDelegate.swift in Sources */,
				A5AA07232499100B0074ABB4 /* ToDoListWithCoreData.xcdatamodeld in Sources */,
				A5AA071B2499100B0074ABB4 /* SceneDelegate.swift in Sources */,
			);
			runOnlyForDeploymentPostprocessing = 0;
		};
/* End PBXSourcesBuildPhase section */

/* Begin PBXVariantGroup section */
		A5AA071E2499100B0074ABB4 /* Main.storyboard */ = {
			isa = PBXVariantGroup;
			children = (
				A5AA071F2499100B0074ABB4 /* Base */,
			);
			name = Main.storyboard;
			sourceTree = "<group>";
		};
		A5AA07262499100F0074ABB4 /* LaunchScreen.storyboard */ = {
			isa = PBXVariantGroup;
			children = (
				A5AA07272499100F0074ABB4 /* Base */,
			);
			name = LaunchScreen.storyboard;
			sourceTree = "<group>";
		};
/* End PBXVariantGroup section */

/* Begin XCBuildConfiguration section */
		A5AA072A2499100F0074ABB4 /* Debug */ = {
			isa = XCBuildConfiguration;
			buildSettings = {
				ALWAYS_SEARCH_USER_PATHS = NO;
				CLANG_ANALYZER_NONNULL = YES;
				CLANG_ANALYZER_NUMBER_OBJECT_CONVERSION = YES_AGGRESSIVE;
				CLANG_CXX_LANGUAGE_STANDARD = "gnu++14";
				CLANG_CXX_LIBRARY = "libc++";
				CLANG_ENABLE_MODULES = YES;
				CLANG_ENABLE_OBJC_ARC = YES;
				CLANG_ENABLE_OBJC_WEAK = YES;
				CLANG_WARN_BLOCK_CAPTURE_AUTORELEASING = YES;
				CLANG_WARN_BOOL_CONVERSION = YES;
				CLANG_WARN_COMMA = YES;
				CLANG_WARN_CONSTANT_CONVERSION = YES;
				CLANG_WARN_DEPRECATED_OBJC_IMPLEMENTATIONS = YES;
				CLANG_WARN_DIRECT_OBJC_ISA_USAGE = YES_ERROR;
				CLANG_WARN_DOCUMENTATION_COMMENTS = YES;
				CLANG_WARN_EMPTY_BODY = YES;
				CLANG_WARN_ENUM_CONVERSION = YES;
				CLANG_WARN_INFINITE_RECURSION = YES;
				CLANG_WARN_INT_CONVERSION = YES;
				CLANG_WARN_NON_LITERAL_NULL_CONVERSION = YES;
				CLANG_WARN_OBJC_IMPLICIT_RETAIN_SELF = YES;
				CLANG_WARN_OBJC_LITERAL_CONVERSION = YES;
				CLANG_WARN_OBJC_ROOT_CLASS = YES_ERROR;
				CLANG_WARN_RANGE_LOOP_ANALYSIS = YES;
				CLANG_WARN_STRICT_PROTOTYPES = YES;
				CLANG_WARN_SUSPICIOUS_MOVE = YES;
				CLANG_WARN_UNGUARDED_AVAILABILITY = YES_AGGRESSIVE;
				CLANG_WARN_UNREACHABLE_CODE = YES;
				CLANG_WARN__DUPLICATE_METHOD_MATCH = YES;
				COPY_PHASE_STRIP = NO;
				DEBUG_INFORMATION_FORMAT = dwarf;
				ENABLE_STRICT_OBJC_MSGSEND = YES;
				ENABLE_TESTABILITY = YES;
				GCC_C_LANGUAGE_STANDARD = gnu11;
				GCC_DYNAMIC_NO_PIC = NO;
				GCC_NO_COMMON_BLOCKS = YES;
				GCC_OPTIMIZATION_LEVEL = 0;
				GCC_PREPROCESSOR_DEFINITIONS = (
					"DEBUG=1",
					"$(inherited)",
				);
				GCC_WARN_64_TO_32_BIT_CONVERSION = YES;
				GCC_WARN_ABOUT_RETURN_TYPE = YES_ERROR;
				GCC_WARN_UNDECLARED_SELECTOR = YES;
				GCC_WARN_UNINITIALIZED_AUTOS = YES_AGGRESSIVE;
				GCC_WARN_UNUSED_FUNCTION = YES;
				GCC_WARN_UNUSED_VARIABLE = YES;
				IPHONEOS_DEPLOYMENT_TARGET = 13.4;
				MTL_ENABLE_DEBUG_INFO = INCLUDE_SOURCE;
				MTL_FAST_MATH = YES;
				ONLY_ACTIVE_ARCH = YES;
				SDKROOT = iphoneos;
				SWIFT_ACTIVE_COMPILATION_CONDITIONS = DEBUG;
				SWIFT_OPTIMIZATION_LEVEL = "-Onone";
			};
			name = Debug;
		};
		A5AA072B2499100F0074ABB4 /* Release */ = {
			isa = XCBuildConfiguration;
			buildSettings = {
				ALWAYS_SEARCH_USER_PATHS = NO;
				CLANG_ANALYZER_NONNULL = YES;
				CLANG_ANALYZER_NUMBER_OBJECT_CONVERSION = YES_AGGRESSIVE;
				CLANG_CXX_LANGUAGE_STANDARD = "gnu++14";
				CLANG_CXX_LIBRARY = "libc++";
				CLANG_ENABLE_MODULES = YES;
				CLANG_ENABLE_OBJC_ARC = YES;
				CLANG_ENABLE_OBJC_WEAK = YES;
				CLANG_WARN_BLOCK_CAPTURE_AUTORELEASING = YES;
				CLANG_WARN_BOOL_CONVERSION = YES;
				CLANG_WARN_COMMA = YES;
				CLANG_WARN_CONSTANT_CONVERSION = YES;
				CLANG_WARN_DEPRECATED_OBJC_IMPLEMENTATIONS = YES;
				CLANG_WARN_DIRECT_OBJC_ISA_USAGE = YES_ERROR;
				CLANG_WARN_DOCUMENTATION_COMMENTS = YES;
				CLANG_WARN_EMPTY_BODY = YES;
				CLANG_WARN_ENUM_CONVERSION = YES;
				CLANG_WARN_INFINITE_RECURSION = YES;
				CLANG_WARN_INT_CONVERSION = YES;
				CLANG_WARN_NON_LITERAL_NULL_CONVERSION = YES;
				CLANG_WARN_OBJC_IMPLICIT_RETAIN_SELF = YES;
				CLANG_WARN_OBJC_LITERAL_CONVERSION = YES;
				CLANG_WARN_OBJC_ROOT_CLASS = YES_ERROR;
				CLANG_WARN_RANGE_LOOP_ANALYSIS = YES;
				CLANG_WARN_STRICT_PROTOTYPES = YES;
				CLANG_WARN_SUSPICIOUS_MOVE = YES;
				CLANG_WARN_UNGUARDED_AVAILABILITY = YES_AGGRESSIVE;
				CLANG_WARN_UNREACHABLE_CODE = YES;
				CLANG_WARN__DUPLICATE_METHOD_MATCH = YES;
				COPY_PHASE_STRIP = NO;
				DEBUG_INFORMATION_FORMAT = "dwarf-with-dsym";
				ENABLE_NS_ASSERTIONS = NO;
				ENABLE_STRICT_OBJC_MSGSEND = YES;
				GCC_C_LANGUAGE_STANDARD = gnu11;
				GCC_NO_COMMON_BLOCKS = YES;
				GCC_WARN_64_TO_32_BIT_CONVERSION = YES;
				GCC_WARN_ABOUT_RETURN_TYPE = YES_ERROR;
				GCC_WARN_UNDECLARED_SELECTOR = YES;
				GCC_WARN_UNINITIALIZED_AUTOS = YES_AGGRESSIVE;
				GCC_WARN_UNUSED_FUNCTION = YES;
				GCC_WARN_UNUSED_VARIABLE = YES;
				IPHONEOS_DEPLOYMENT_TARGET = 13.4;
				MTL_ENABLE_DEBUG_INFO = NO;
				MTL_FAST_MATH = YES;
				SDKROOT = iphoneos;
				SWIFT_COMPILATION_MODE = wholemodule;
				SWIFT_OPTIMIZATION_LEVEL = "-O";
				VALIDATE_PRODUCT = YES;
			};
			name = Release;
		};
		A5AA072D2499100F0074ABB4 /* Debug */ = {
			isa = XCBuildConfiguration;
			buildSettings = {
				ASSETCATALOG_COMPILER_APPICON_NAME = AppIcon;
				CODE_SIGN_STYLE = Automatic;
				DEVELOPMENT_TEAM = GUF6JQVK4V;
				INFOPLIST_FILE = ToDoListWithCoreData/Info.plist;
				LD_RUNPATH_SEARCH_PATHS = (
					"$(inherited)",
					"@executable_path/Frameworks",
				);
				PRODUCT_BUNDLE_IDENTIFIER = com.chsherbaksergey.ToDoListWithCoreData;
				PRODUCT_NAME = "$(TARGET_NAME)";
				SWIFT_VERSION = 5.0;
				TARGETED_DEVICE_FAMILY = "1,2";
			};
			name = Debug;
		};
		A5AA072E2499100F0074ABB4 /* Release */ = {
			isa = XCBuildConfiguration;
			buildSettings = {
				ASSETCATALOG_COMPILER_APPICON_NAME = AppIcon;
				CODE_SIGN_STYLE = Automatic;
				DEVELOPMENT_TEAM = GUF6JQVK4V;
				INFOPLIST_FILE = ToDoListWithCoreData/Info.plist;
				LD_RUNPATH_SEARCH_PATHS = (
					"$(inherited)",
					"@executable_path/Frameworks",
				);
				PRODUCT_BUNDLE_IDENTIFIER = com.chsherbaksergey.ToDoListWithCoreData;
				PRODUCT_NAME = "$(TARGET_NAME)";
				SWIFT_VERSION = 5.0;
				TARGETED_DEVICE_FAMILY = "1,2";
			};
			name = Release;
		};
/* End XCBuildConfiguration section */

/* Begin XCConfigurationList section */
		A5AA07102499100B0074ABB4 /* Build configuration list for PBXProject "ToDoListWithCoreData" */ = {
			isa = XCConfigurationList;
			buildConfigurations = (
				A5AA072A2499100F0074ABB4 /* Debug */,
				A5AA072B2499100F0074ABB4 /* Release */,
			);
			defaultConfigurationIsVisible = 0;
			defaultConfigurationName = Release;
		};
		A5AA072C2499100F0074ABB4 /* Build configuration list for PBXNativeTarget "ToDoListWithCoreData" */ = {
			isa = XCConfigurationList;
			buildConfigurations = (
				A5AA072D2499100F0074ABB4 /* Debug */,
				A5AA072E2499100F0074ABB4 /* Release */,
			);
			defaultConfigurationIsVisible = 0;
			defaultConfigurationName = Release;
		};
/* End XCConfigurationList section */

/* Begin XCVersionGroup section */
		A5AA07212499100B0074ABB4 /* ToDoListWithCoreData.xcdatamodeld */ = {
			isa = XCVersionGroup;
			children = (
				A5AA07222499100B0074ABB4 /* ToDoListWithCoreData.xcdatamodel */,
			);
			currentVersion = A5AA07222499100B0074ABB4 /* ToDoListWithCoreData.xcdatamodel */;
			path = ToDoListWithCoreData.xcdatamodeld;
			sourceTree = "<group>";
			versionGroupType = wrapper.xcdatamodel;
		};
/* End XCVersionGroup section */
	};
	rootObject = A5AA070D2499100B0074ABB4 /* Project object */;
}
